
Microsoft Visual Studio Solution File, Format Version 12.00
# Visual Studio Version 17
VisualStudioVersion = 17.9.34622.214
MinimumVisualStudioVersion = 10.0.40219.1
Project("{FAE04EC0-301F-11D3-BF4B-00C04F79EFBC}") = "SignalR_API", "SignalR_API\SignalR_API.csproj", "{76DA45D5-EC06-4545-B4C0-7F2BFE7F051A}"
EndProject
Project("{FAE04EC0-301F-11D3-BF4B-00C04F79EFBC}") = "SignalR_WebUI", "SignalR_WebUI\SignalR_WebUI.csproj", "{E9AB8B5C-4601-4700-9C5C-15D325786D0A}"
EndProject
Project("{FAE04EC0-301F-11D3-BF4B-00C04F79EFBC}") = "SignalR.EntityLayer", "SignalR_EntityLayer\SignalR.EntityLayer.csproj", "{33AE635D-11C4-4355-AADD-5ED3DE526EC4}"
EndProject
Project("{FAE04EC0-301F-11D3-BF4B-00C04F79EFBC}") = "SignalR.DataAccessLayer", "SignalR.DataAccessLayer\SignalR.DataAccessLayer.csproj", "{2FD5C174-6694-410F-A5B5-02F3151F1F7C}"
EndProject
Project("{FAE04EC0-301F-11D3-BF4B-00C04F79EFBC}") = "SignalR.DtoLayer", "SignalR.DtoLayer\SignalR.DtoLayer.csproj", "{18F8C05D-0AC0-48FB-B6FA-085B58695548}"
EndProject
Project("{FAE04EC0-301F-11D3-BF4B-00C04F79EFBC}") = "SignalR.BusinessLayer", "SignalR.BusinessLayer\SignalR.BusinessLayer.csproj", "{09B7C306-F71D-46CA-8B47-1C9E9E44ECC9}"
EndProject
Global
	GlobalSection(SolutionConfigurationPlatforms) = preSolution
		Debug|Any CPU = Debug|Any CPU
		Release|Any CPU = Release|Any CPU
	EndGlobalSection
	GlobalSection(ProjectConfigurationPlatforms) = postSolution
		{76DA45D5-EC06-4545-B4C0-7F2BFE7F051A}.Debug|Any CPU.ActiveCfg = Debug|Any CPU
		{76DA45D5-EC06-4545-B4C0-7F2BFE7F051A}.Debug|Any CPU.Build.0 = Debug|Any CPU
		{76DA45D5-EC06-4545-B4C0-7F2BFE7F051A}.Release|Any CPU.ActiveCfg = Release|Any CPU
		{76DA45D5-EC06-4545-B4C0-7F2BFE7F051A}.Release|Any CPU.Build.0 = Release|Any CPU
		{E9AB8B5C-4601-4700-9C5C-15D325786D0A}.Debug|Any CPU.ActiveCfg = Debug|Any CPU
		{E9AB8B5C-4601-4700-9C5C-15D325786D0A}.Debug|Any CPU.Build.0 = Debug|Any CPU
		{E9AB8B5C-4601-4700-9C5C-15D325786D0A}.Release|Any CPU.ActiveCfg = Release|Any CPU
		{E9AB8B5C-4601-4700-9C5C-15D325786D0A}.Release|Any CPU.Build.0 = Release|Any CPU
		{33AE635D-11C4-4355-AADD-5ED3DE526EC4}.Debug|Any CPU.ActiveCfg = Debug|Any CPU
		{33AE635D-11C4-4355-AADD-5ED3DE526EC4}.Debug|Any CPU.Build.0 = Debug|Any CPU
		{33AE635D-11C4-4355-AADD-5ED3DE526EC4}.Release|Any CPU.ActiveCfg = Release|Any CPU
		{33AE635D-11C4-4355-AADD-5ED3DE526EC4}.Release|Any CPU.Build.0 = Release|Any CPU
		{2FD5C174-6694-410F-A5B5-02F3151F1F7C}.Debug|Any CPU.ActiveCfg = Debug|Any CPU
		{2FD5C174-6694-410F-A5B5-02F3151F1F7C}.Debug|Any CPU.Build.0 = Debug|Any CPU
		{2FD5C174-6694-410F-A5B5-02F3151F1F7C}.Release|Any CPU.ActiveCfg = Release|Any CPU
		{2FD5C174-6694-410F-A5B5-02F3151F1F7C}.Release|Any CPU.Build.0 = Release|Any CPU
		{18F8C05D-0AC0-48FB-B6FA-085B58695548}.Debug|Any CPU.ActiveCfg = Debug|Any CPU
		{18F8C05D-0AC0-48FB-B6FA-085B58695548}.Debug|Any CPU.Build.0 = Debug|Any CPU
		{18F8C05D-0AC0-48FB-B6FA-085B58695548}.Release|Any CPU.ActiveCfg = Release|Any CPU
		{18F8C05D-0AC0-48FB-B6FA-085B58695548}.Release|Any CPU.Build.0 = Release|Any CPU
		{09B7C306-F71D-46CA-8B47-1C9E9E44ECC9}.Debug|Any CPU.ActiveCfg = Debug|Any CPU
		{09B7C306-F71D-46CA-8B47-1C9E9E44ECC9}.Debug|Any CPU.Build.0 = Debug|Any CPU
		{09B7C306-F71D-46CA-8B47-1C9E9E44ECC9}.Release|Any CPU.ActiveCfg = Release|Any CPU
		{09B7C306-F71D-46CA-8B47-1C9E9E44ECC9}.Release|Any CPU.Build.0 = Release|Any CPU
	EndGlobalSection
	GlobalSection(SolutionProperties) = preSolution
		HideSolutionNode = FALSE
	EndGlobalSection
	GlobalSection(ExtensibilityGlobals) = postSolution
		SolutionGuid = {BDD56F7A-9647-4A0F-86D0-E6B31E5FC3B4}
	EndGlobalSection
EndGlobal
