
Microsoft Visual Studio Solution File, Format Version 12.00
# Visual Studio Version 17
VisualStudioVersion = 17.9.34622.214
MinimumVisualStudioVersion = 10.0.40219.1
Project("{FAE04EC0-301F-11D3-BF4B-00C04F79EFBC}") = "SignalR_API", "SignalR_API\SignalR_API.csproj", "{76DA45D5-EC06-4545-B4C0-7F2BFE7F051A}"
EndProject
Project("{FAE04EC0-301F-11D3-BF4B-00C04F79EFBC}") = "SignalR_WebUI", "SignalR_WebUI\SignalR_WebUI.csproj", "{E9AB8B5C-4601-4700-9C5C-15D325786D0A}"
EndProject
Global
	GlobalSection(SolutionConfigurationPlatforms) = preSolution
		Debug|Any CPU = Debug|Any CPU
		Release|Any CPU = Release|Any CPU
	EndGlobalSection
	GlobalSection(ProjectConfigurationPlatforms) = postSolution
		{76DA45D5-EC06-4545-B4C0-7F2BFE7F051A}.Debug|Any CPU.ActiveCfg = Debug|Any CPU
		{76DA45D5-EC06-4545-B4C0-7F2BFE7F051A}.Debug|Any CPU.Build.0 = Debug|Any CPU
		{76DA45D5-EC06-4545-B4C0-7F2BFE7F051A}.Release|Any CPU.ActiveCfg = Release|Any CPU
		{76DA45D5-EC06-4545-B4C0-7F2BFE7F051A}.Release|Any CPU.Build.0 = Release|Any CPU
		{E9AB8B5C-4601-4700-9C5C-15D325786D0A}.Debug|Any CPU.ActiveCfg = Debug|Any CPU
		{E9AB8B5C-4601-4700-9C5C-15D325786D0A}.Debug|Any CPU.Build.0 = Debug|Any CPU
		{E9AB8B5C-4601-4700-9C5C-15D325786D0A}.Release|Any CPU.ActiveCfg = Release|Any CPU
		{E9AB8B5C-4601-4700-9C5C-15D325786D0A}.Release|Any CPU.Build.0 = Release|Any CPU
	EndGlobalSection
	GlobalSection(SolutionProperties) = preSolution
		HideSolutionNode = FALSE
	EndGlobalSection
	GlobalSection(ExtensibilityGlobals) = postSolution
		SolutionGuid = {BDD56F7A-9647-4A0F-86D0-E6B31E5FC3B4}
	EndGlobalSection
EndGlobal
